
Microsoft Visual Studio Solution File, Format Version 12.00
# Visual Studio Version 17
VisualStudioVersion = 17.10.34928.147
MinimumVisualStudioVersion = 10.0.40219.1
Project("{FAE04EC0-301F-11D3-BF4B-00C04F79EFBC}") = "InfoTechMVCCoreVM01062024", "InfoTechMVCCoreVM01062024\InfoTechMVCCoreVM01062024.csproj", "{70C70F79-DF83-42CB-A5FD-4B15E2C91F64}"
EndProject
Global
	GlobalSection(SolutionConfigurationPlatforms) = preSolution
		Debug|Any CPU = Debug|Any CPU
		Release|Any CPU = Release|Any CPU
	EndGlobalSection
	GlobalSection(ProjectConfigurationPlatforms) = postSolution
		{70C70F79-DF83-42CB-A5FD-4B15E2C91F64}.Debug|Any CPU.ActiveCfg = Debug|Any CPU
		{70C70F79-DF83-42CB-A5FD-4B15E2C91F64}.Debug|Any CPU.Build.0 = Debug|Any CPU
		{70C70F79-DF83-42CB-A5FD-4B15E2C91F64}.Release|Any CPU.ActiveCfg = Release|Any CPU
		{70C70F79-DF83-42CB-A5FD-4B15E2C91F64}.Release|Any CPU.Build.0 = Release|Any CPU
	EndGlobalSection
	GlobalSection(SolutionProperties) = preSolution
		HideSolutionNode = FALSE
	EndGlobalSection
	GlobalSection(ExtensibilityGlobals) = postSolution
		SolutionGuid = {DC7886E8-B9BA-4C4E-9FCD-6423D87F04ED}
	EndGlobalSection
EndGlobal
