
Microsoft Visual Studio Solution File, Format Version 12.00
# Visual Studio Version 17
VisualStudioVersion = 17.10.34928.147
MinimumVisualStudioVersion = 10.0.40219.1
Project("{FAE04EC0-301F-11D3-BF4B-00C04F79EFBC}") = "InfoTechMVCDBFirst01062024", "InfoTechMVCDBFirst01062024\InfoTechMVCDBFirst01062024.csproj", "{793B85BD-851B-4202-A6AE-40DE9B358128}"
EndProject
Global
	GlobalSection(SolutionConfigurationPlatforms) = preSolution
		Debug|Any CPU = Debug|Any CPU
		Release|Any CPU = Release|Any CPU
	EndGlobalSection
	GlobalSection(ProjectConfigurationPlatforms) = postSolution
		{793B85BD-851B-4202-A6AE-40DE9B358128}.Debug|Any CPU.ActiveCfg = Debug|Any CPU
		{793B85BD-851B-4202-A6AE-40DE9B358128}.Debug|Any CPU.Build.0 = Debug|Any CPU
		{793B85BD-851B-4202-A6AE-40DE9B358128}.Release|Any CPU.ActiveCfg = Release|Any CPU
		{793B85BD-851B-4202-A6AE-40DE9B358128}.Release|Any CPU.Build.0 = Release|Any CPU
	EndGlobalSection
	GlobalSection(SolutionProperties) = preSolution
		HideSolutionNode = FALSE
	EndGlobalSection
	GlobalSection(ExtensibilityGlobals) = postSolution
		SolutionGuid = {B41D9926-1283-4869-9E75-4D505C79EDC0}
	EndGlobalSection
EndGlobal
