
Microsoft Visual Studio Solution File, Format Version 12.00
# Visual Studio Version 17
VisualStudioVersion = 17.9.34728.123
MinimumVisualStudioVersion = 10.0.40219.1
Project("{FAE04EC0-301F-11D3-BF4B-00C04F79EFBC}") = "InfoTech-ASP.NETCORE-EMPTY-MVC", "InfoTech-ASP.NETCORE-EMPTY-MVC\InfoTech-ASP.NETCORE-EMPTY-MVC.csproj", "{1C55757F-0AF9-44D6-8C1F-15438D5266CD}"
EndProject
Global
	GlobalSection(SolutionConfigurationPlatforms) = preSolution
		Debug|Any CPU = Debug|Any CPU
		Release|Any CPU = Release|Any CPU
	EndGlobalSection
	GlobalSection(ProjectConfigurationPlatforms) = postSolution
		{1C55757F-0AF9-44D6-8C1F-15438D5266CD}.Debug|Any CPU.ActiveCfg = Debug|Any CPU
		{1C55757F-0AF9-44D6-8C1F-15438D5266CD}.Debug|Any CPU.Build.0 = Debug|Any CPU
		{1C55757F-0AF9-44D6-8C1F-15438D5266CD}.Release|Any CPU.ActiveCfg = Release|Any CPU
		{1C55757F-0AF9-44D6-8C1F-15438D5266CD}.Release|Any CPU.Build.0 = Release|Any CPU
	EndGlobalSection
	GlobalSection(SolutionProperties) = preSolution
		HideSolutionNode = FALSE
	EndGlobalSection
	GlobalSection(ExtensibilityGlobals) = postSolution
		SolutionGuid = {2F086530-738E-480A-BD29-B56BDCA97AEA}
	EndGlobalSection
EndGlobal
