
Microsoft Visual Studio Solution File, Format Version 12.00
# Visual Studio Version 17
VisualStudioVersion = 17.10.35027.167
MinimumVisualStudioVersion = 10.0.40219.1
Project("{FAE04EC0-301F-11D3-BF4B-00C04F79EFBC}") = "IA_RickAndMortyApiApp_07072024", "IA_RickAndMortyApiApp_07072024\IA_RickAndMortyApiApp_07072024.csproj", "{5A23AAB2-6D44-4A8A-9B24-E6F32ED9EC9B}"
EndProject
Global
	GlobalSection(SolutionConfigurationPlatforms) = preSolution
		Debug|Any CPU = Debug|Any CPU
		Release|Any CPU = Release|Any CPU
	EndGlobalSection
	GlobalSection(ProjectConfigurationPlatforms) = postSolution
		{5A23AAB2-6D44-4A8A-9B24-E6F32ED9EC9B}.Debug|Any CPU.ActiveCfg = Debug|Any CPU
		{5A23AAB2-6D44-4A8A-9B24-E6F32ED9EC9B}.Debug|Any CPU.Build.0 = Debug|Any CPU
		{5A23AAB2-6D44-4A8A-9B24-E6F32ED9EC9B}.Release|Any CPU.ActiveCfg = Release|Any CPU
		{5A23AAB2-6D44-4A8A-9B24-E6F32ED9EC9B}.Release|Any CPU.Build.0 = Release|Any CPU
	EndGlobalSection
	GlobalSection(SolutionProperties) = preSolution
		HideSolutionNode = FALSE
	EndGlobalSection
	GlobalSection(ExtensibilityGlobals) = postSolution
		SolutionGuid = {749490A5-8580-4C26-9103-46376E160D38}
	EndGlobalSection
EndGlobal
