
Microsoft Visual Studio Solution File, Format Version 12.00
# Visual Studio Version 17
VisualStudioVersion = 17.8.34330.188
MinimumVisualStudioVersion = 10.0.40219.1
Project("{FAE04EC0-301F-11D3-BF4B-00C04F79EFBC}") = "ITHSApiNtier07072024.Entities", "ITHSApiNtier07072024.Entities\ITHSApiNtier07072024.Entities.csproj", "{E6F76F24-20EE-4FE7-8C0A-2C7958068A27}"
EndProject
Project("{FAE04EC0-301F-11D3-BF4B-00C04F79EFBC}") = "ITHSApiNtier07072024.Repositories", "ITHSApiNtier07072024.Repositories\ITHSApiNtier07072024.Repositories.csproj", "{516A38B5-804F-4CC2-BF67-A184E6233860}"
EndProject
Project("{FAE04EC0-301F-11D3-BF4B-00C04F79EFBC}") = "ITHSApiNtier07072024.Services", "ITHSApiNtier07072024.Services\ITHSApiNtier07072024.Services.csproj", "{C9523206-1B74-45FD-8C36-2ADBEA2B3D74}"
EndProject
Project("{FAE04EC0-301F-11D3-BF4B-00C04F79EFBC}") = "ITHSApiNtier07072024.API", "ITHSApiNtier07072024.API\ITHSApiNtier07072024.API.csproj", "{D51F4336-7071-4E09-9F87-ED03FF1854C2}"
EndProject
Global
	GlobalSection(SolutionConfigurationPlatforms) = preSolution
		Debug|Any CPU = Debug|Any CPU
		Release|Any CPU = Release|Any CPU
	EndGlobalSection
	GlobalSection(ProjectConfigurationPlatforms) = postSolution
		{E6F76F24-20EE-4FE7-8C0A-2C7958068A27}.Debug|Any CPU.ActiveCfg = Debug|Any CPU
		{E6F76F24-20EE-4FE7-8C0A-2C7958068A27}.Debug|Any CPU.Build.0 = Debug|Any CPU
		{E6F76F24-20EE-4FE7-8C0A-2C7958068A27}.Release|Any CPU.ActiveCfg = Release|Any CPU
		{E6F76F24-20EE-4FE7-8C0A-2C7958068A27}.Release|Any CPU.Build.0 = Release|Any CPU
		{516A38B5-804F-4CC2-BF67-A184E6233860}.Debug|Any CPU.ActiveCfg = Debug|Any CPU
		{516A38B5-804F-4CC2-BF67-A184E6233860}.Debug|Any CPU.Build.0 = Debug|Any CPU
		{516A38B5-804F-4CC2-BF67-A184E6233860}.Release|Any CPU.ActiveCfg = Release|Any CPU
		{516A38B5-804F-4CC2-BF67-A184E6233860}.Release|Any CPU.Build.0 = Release|Any CPU
		{C9523206-1B74-45FD-8C36-2ADBEA2B3D74}.Debug|Any CPU.ActiveCfg = Debug|Any CPU
		{C9523206-1B74-45FD-8C36-2ADBEA2B3D74}.Debug|Any CPU.Build.0 = Debug|Any CPU
		{C9523206-1B74-45FD-8C36-2ADBEA2B3D74}.Release|Any CPU.ActiveCfg = Release|Any CPU
		{C9523206-1B74-45FD-8C36-2ADBEA2B3D74}.Release|Any CPU.Build.0 = Release|Any CPU
		{D51F4336-7071-4E09-9F87-ED03FF1854C2}.Debug|Any CPU.ActiveCfg = Debug|Any CPU
		{D51F4336-7071-4E09-9F87-ED03FF1854C2}.Debug|Any CPU.Build.0 = Debug|Any CPU
		{D51F4336-7071-4E09-9F87-ED03FF1854C2}.Release|Any CPU.ActiveCfg = Release|Any CPU
		{D51F4336-7071-4E09-9F87-ED03FF1854C2}.Release|Any CPU.Build.0 = Release|Any CPU
	EndGlobalSection
	GlobalSection(SolutionProperties) = preSolution
		HideSolutionNode = FALSE
	EndGlobalSection
	GlobalSection(ExtensibilityGlobals) = postSolution
		SolutionGuid = {96086F45-C13A-439E-A580-F7D0943B995E}
	EndGlobalSection
EndGlobal
