
Microsoft Visual Studio Solution File, Format Version 12.00
# Visual Studio Version 17
VisualStudioVersion = 17.10.35013.160
MinimumVisualStudioVersion = 10.0.40219.1
Project("{FAE04EC0-301F-11D3-BF4B-00C04F79EFBC}") = "IA_CoreMVC_MySite_22062024", "IA_CoreMVC_MySite_22062024\IA_CoreMVC_MySite_22062024.csproj", "{BDC5E473-5807-496C-8D30-5F39A90EDD5D}"
EndProject
Global
	GlobalSection(SolutionConfigurationPlatforms) = preSolution
		Debug|Any CPU = Debug|Any CPU
		Release|Any CPU = Release|Any CPU
	EndGlobalSection
	GlobalSection(ProjectConfigurationPlatforms) = postSolution
		{BDC5E473-5807-496C-8D30-5F39A90EDD5D}.Debug|Any CPU.ActiveCfg = Debug|Any CPU
		{BDC5E473-5807-496C-8D30-5F39A90EDD5D}.Debug|Any CPU.Build.0 = Debug|Any CPU
		{BDC5E473-5807-496C-8D30-5F39A90EDD5D}.Release|Any CPU.ActiveCfg = Release|Any CPU
		{BDC5E473-5807-496C-8D30-5F39A90EDD5D}.Release|Any CPU.Build.0 = Release|Any CPU
	EndGlobalSection
	GlobalSection(SolutionProperties) = preSolution
		HideSolutionNode = FALSE
	EndGlobalSection
	GlobalSection(ExtensibilityGlobals) = postSolution
		SolutionGuid = {6A23407D-5C29-4613-8C61-A8CC0EB4EFE6}
	EndGlobalSection
EndGlobal
