
Microsoft Visual Studio Solution File, Format Version 12.00
# Visual Studio Version 17
VisualStudioVersion = 17.10.34916.146
MinimumVisualStudioVersion = 10.0.40219.1
Project("{9A19103F-16F7-4668-BE54-9A1E7A4F7556}") = "InfoTechMVCCoreTemplate26052024", "InfoTechMVCCoreTemplate26052024\InfoTechMVCCoreTemplate26052024.csproj", "{AB7F5882-4866-4DFF-BCAA-AFA668261F6D}"
EndProject
Global
	GlobalSection(SolutionConfigurationPlatforms) = preSolution
		Debug|Any CPU = Debug|Any CPU
		Release|Any CPU = Release|Any CPU
	EndGlobalSection
	GlobalSection(ProjectConfigurationPlatforms) = postSolution
		{AB7F5882-4866-4DFF-BCAA-AFA668261F6D}.Debug|Any CPU.ActiveCfg = Debug|Any CPU
		{AB7F5882-4866-4DFF-BCAA-AFA668261F6D}.Debug|Any CPU.Build.0 = Debug|Any CPU
		{AB7F5882-4866-4DFF-BCAA-AFA668261F6D}.Release|Any CPU.ActiveCfg = Release|Any CPU
		{AB7F5882-4866-4DFF-BCAA-AFA668261F6D}.Release|Any CPU.Build.0 = Release|Any CPU
	EndGlobalSection
	GlobalSection(SolutionProperties) = preSolution
		HideSolutionNode = FALSE
	EndGlobalSection
	GlobalSection(ExtensibilityGlobals) = postSolution
		SolutionGuid = {1F50F28D-6C8D-46BD-AB6A-5FA1ABBEB931}
	EndGlobalSection
EndGlobal
