
Microsoft Visual Studio Solution File, Format Version 12.00
# Visual Studio Version 17
VisualStudioVersion = 17.10.34928.147
MinimumVisualStudioVersion = 10.0.40219.1
Project("{9A19103F-16F7-4668-BE54-9A1E7A4F7556}") = "InfoTechCoreMVCCodeFirst08062024", "InfoTechCoreMVCCodeFirst08062024\InfoTechCoreMVCCodeFirst08062024.csproj", "{D267C969-FE5D-43B5-A687-52743759AD55}"
EndProject
Project("{FAE04EC0-301F-11D3-BF4B-00C04F79EFBC}") = "InfoTechCoreMVCCodeFirstFluent09062024", "InfoTechCoreMVCCodeFirstFluent09062024\InfoTechCoreMVCCodeFirstFluent09062024.csproj", "{0AF6604A-86C7-4946-9E0B-C6AEF7EE4E28}"
EndProject
Global
	GlobalSection(SolutionConfigurationPlatforms) = preSolution
		Debug|Any CPU = Debug|Any CPU
		Release|Any CPU = Release|Any CPU
	EndGlobalSection
	GlobalSection(ProjectConfigurationPlatforms) = postSolution
		{D267C969-FE5D-43B5-A687-52743759AD55}.Debug|Any CPU.ActiveCfg = Debug|Any CPU
		{D267C969-FE5D-43B5-A687-52743759AD55}.Debug|Any CPU.Build.0 = Debug|Any CPU
		{D267C969-FE5D-43B5-A687-52743759AD55}.Release|Any CPU.ActiveCfg = Release|Any CPU
		{D267C969-FE5D-43B5-A687-52743759AD55}.Release|Any CPU.Build.0 = Release|Any CPU
		{0AF6604A-86C7-4946-9E0B-C6AEF7EE4E28}.Debug|Any CPU.ActiveCfg = Debug|Any CPU
		{0AF6604A-86C7-4946-9E0B-C6AEF7EE4E28}.Debug|Any CPU.Build.0 = Debug|Any CPU
		{0AF6604A-86C7-4946-9E0B-C6AEF7EE4E28}.Release|Any CPU.ActiveCfg = Release|Any CPU
		{0AF6604A-86C7-4946-9E0B-C6AEF7EE4E28}.Release|Any CPU.Build.0 = Release|Any CPU
	EndGlobalSection
	GlobalSection(SolutionProperties) = preSolution
		HideSolutionNode = FALSE
	EndGlobalSection
	GlobalSection(ExtensibilityGlobals) = postSolution
		SolutionGuid = {080B6E43-1A32-4A16-8056-BE06EC760DAF}
	EndGlobalSection
EndGlobal
