
Microsoft Visual Studio Solution File, Format Version 12.00
# Visual Studio Version 17
VisualStudioVersion = 17.10.35013.160
MinimumVisualStudioVersion = 10.0.40219.1
Project("{FAE04EC0-301F-11D3-BF4B-00C04F79EFBC}") = "IA_WebAPIEmpty_06072024", "IA_WebAPIEmpty_06072024\IA_WebAPIEmpty_06072024.csproj", "{45165206-67F7-48D4-9D03-196831554CE8}"
EndProject
Global
	GlobalSection(SolutionConfigurationPlatforms) = preSolution
		Debug|Any CPU = Debug|Any CPU
		Release|Any CPU = Release|Any CPU
	EndGlobalSection
	GlobalSection(ProjectConfigurationPlatforms) = postSolution
		{45165206-67F7-48D4-9D03-196831554CE8}.Debug|Any CPU.ActiveCfg = Debug|Any CPU
		{45165206-67F7-48D4-9D03-196831554CE8}.Debug|Any CPU.Build.0 = Debug|Any CPU
		{45165206-67F7-48D4-9D03-196831554CE8}.Release|Any CPU.ActiveCfg = Release|Any CPU
		{45165206-67F7-48D4-9D03-196831554CE8}.Release|Any CPU.Build.0 = Release|Any CPU
	EndGlobalSection
	GlobalSection(SolutionProperties) = preSolution
		HideSolutionNode = FALSE
	EndGlobalSection
	GlobalSection(ExtensibilityGlobals) = postSolution
		SolutionGuid = {2134F292-2FF3-4BBE-94E1-392A7463129B}
	EndGlobalSection
EndGlobal
