
Microsoft Visual Studio Solution File, Format Version 12.00
# Visual Studio Version 17
VisualStudioVersion = 17.10.35027.167
MinimumVisualStudioVersion = 10.0.40219.1
Project("{FAE04EC0-301F-11D3-BF4B-00C04F79EFBC}") = "IA_ECommerceProject_13072024", "IA_ECommerceProject_13072024\IA_ECommerceProject_13072024.csproj", "{8CE27674-E314-4190-94C2-96335DBD09DD}"
EndProject
Global
	GlobalSection(SolutionConfigurationPlatforms) = preSolution
		Debug|Any CPU = Debug|Any CPU
		Release|Any CPU = Release|Any CPU
	EndGlobalSection
	GlobalSection(ProjectConfigurationPlatforms) = postSolution
		{8CE27674-E314-4190-94C2-96335DBD09DD}.Debug|Any CPU.ActiveCfg = Debug|Any CPU
		{8CE27674-E314-4190-94C2-96335DBD09DD}.Debug|Any CPU.Build.0 = Debug|Any CPU
		{8CE27674-E314-4190-94C2-96335DBD09DD}.Release|Any CPU.ActiveCfg = Release|Any CPU
		{8CE27674-E314-4190-94C2-96335DBD09DD}.Release|Any CPU.Build.0 = Release|Any CPU
	EndGlobalSection
	GlobalSection(SolutionProperties) = preSolution
		HideSolutionNode = FALSE
	EndGlobalSection
	GlobalSection(ExtensibilityGlobals) = postSolution
		SolutionGuid = {32D38BC6-15C6-4598-AEB0-84CDAF631208}
	EndGlobalSection
EndGlobal
