
Microsoft Visual Studio Solution File, Format Version 12.00
# Visual Studio Version 17
VisualStudioVersion = 17.10.34928.147
MinimumVisualStudioVersion = 10.0.40219.1
Project("{FAE04EC0-301F-11D3-BF4B-00C04F79EFBC}") = "InfoTechCoreMVCKatalogProje02062024", "InfoTechCoreMVCKatalogProje02062024\InfoTechCoreMVCKatalogProje02062024.csproj", "{3EE424A3-B4DD-4845-9E43-2A390F798781}"
EndProject
Global
	GlobalSection(SolutionConfigurationPlatforms) = preSolution
		Debug|Any CPU = Debug|Any CPU
		Release|Any CPU = Release|Any CPU
	EndGlobalSection
	GlobalSection(ProjectConfigurationPlatforms) = postSolution
		{3EE424A3-B4DD-4845-9E43-2A390F798781}.Debug|Any CPU.ActiveCfg = Debug|Any CPU
		{3EE424A3-B4DD-4845-9E43-2A390F798781}.Debug|Any CPU.Build.0 = Debug|Any CPU
		{3EE424A3-B4DD-4845-9E43-2A390F798781}.Release|Any CPU.ActiveCfg = Release|Any CPU
		{3EE424A3-B4DD-4845-9E43-2A390F798781}.Release|Any CPU.Build.0 = Release|Any CPU
	EndGlobalSection
	GlobalSection(SolutionProperties) = preSolution
		HideSolutionNode = FALSE
	EndGlobalSection
	GlobalSection(ExtensibilityGlobals) = postSolution
		SolutionGuid = {3E3BCDE2-AAC2-4073-A80F-36F8B3EB7E0B}
	EndGlobalSection
EndGlobal
